// !$*UTF8*$!
{
	archiveVersion = 1;
	classes = {
	};
	objectVersion = 46;
	objects = {

/* Begin PBXBuildFile section */
		7CE708DE1C52F6A9003F4792 /* libMOCALib.a in Frameworks */ = {isa = PBXBuildFile; fileRef = 7CE708DD1C52F6A9003F4792 /* libMOCALib.a */; };
		7CE708E01C52F79B003F4792 /* libsqlite3.0.tbd in Frameworks */ = {isa = PBXBuildFile; fileRef = 7CE708DF1C52F79B003F4792 /* libsqlite3.0.tbd */; };
		7CE708E51C52F961003F4792 /* libMOCALib.a in Frameworks */ = {isa = PBXBuildFile; fileRef = 7CE708E21C52F961003F4792 /* libMOCALib.a */; };
		7CE708E61C52F961003F4792 /* LICENSE in Resources */ = {isa = PBXBuildFile; fileRef = 7CE708E31C52F961003F4792 /* LICENSE */; };
		7CE708E71C52F961003F4792 /* README in Resources */ = {isa = PBXBuildFile; fileRef = 7CE708E41C52F961003F4792 /* README */; };
		7CE708F91C52FA4B003F4792 /* MOCAConfig.plist in Resources */ = {isa = PBXBuildFile; fileRef = 7CE708F81C52FA4B003F4792 /* MOCAConfig.plist */; };
		7CE708FC1C53030D003F4792 /* MOCAAds.m in Sources */ = {isa = PBXBuildFile; fileRef = 7CE708FB1C53030D003F4792 /* MOCAAds.m */; };
		7E38F0C516AD7D0300FA87E5 /* PrefetchInterstitialViewController.m in Sources */ = {isa = PBXBuildFile; fileRef = 7E38F0C316AD7D0300FA87E5 /* PrefetchInterstitialViewController.m */; };
		7E38F0C616AD7D0300FA87E5 /* PrefetchInterstitialViewController.xib in Resources */ = {isa = PBXBuildFile; fileRef = 7E38F0C416AD7D0300FA87E5 /* PrefetchInterstitialViewController.xib */; };
		7E38F0CC16AD854500FA87E5 /* libSmartAdServer.a in Frameworks */ = {isa = PBXBuildFile; fileRef = 7E38F0CB16AD854500FA87E5 /* libSmartAdServer.a */; };
		7E4562DA16A5A62900E74BC3 /* MenuItem.m in Sources */ = {isa = PBXBuildFile; fileRef = 7E4562D916A5A62900E74BC3 /* MenuItem.m */; };
		7E549B8C16A6AE3F003BF36A /* Icon.png in Resources */ = {isa = PBXBuildFile; fileRef = 7E549B8A16A6AE3F003BF36A /* Icon.png */; };
		7E549B8D16A6AE3F003BF36A /* Icon@2x.png in Resources */ = {isa = PBXBuildFile; fileRef = 7E549B8B16A6AE3F003BF36A /* Icon@2x.png */; };
		7E549B9216A6B188003BF36A /* InterstitialViewController.m in Sources */ = {isa = PBXBuildFile; fileRef = 7E549B9016A6B188003BF36A /* InterstitialViewController.m */; };
		7E549B9316A6B188003BF36A /* InterstitialViewController.xib in Resources */ = {isa = PBXBuildFile; fileRef = 7E549B9116A6B188003BF36A /* InterstitialViewController.xib */; };
		7E549B9916A6B4E4003BF36A /* InterstitialDismissAnimationViewController.m in Sources */ = {isa = PBXBuildFile; fileRef = 7E549B9716A6B4E4003BF36A /* InterstitialDismissAnimationViewController.m */; };
		7E549B9A16A6B4E4003BF36A /* InterstitialDismissAnimationViewController.xib in Resources */ = {isa = PBXBuildFile; fileRef = 7E549B9816A6B4E4003BF36A /* InterstitialDismissAnimationViewController.xib */; };
		7E54E1F319A3A7A400651991 /* Images.xcassets in Resources */ = {isa = PBXBuildFile; fileRef = 7E54E1F219A3A7A400651991 /* Images.xcassets */; };
		7E6AFD0E17D74046005F3072 /* Default-568h@2x~iphone.png in Resources */ = {isa = PBXBuildFile; fileRef = 7E6AFD0717D74046005F3072 /* Default-568h@2x~iphone.png */; };
		7E6AFD0F17D74046005F3072 /* Default-Landscape@2x~ipad.png in Resources */ = {isa = PBXBuildFile; fileRef = 7E6AFD0817D74046005F3072 /* Default-Landscape@2x~ipad.png */; };
		7E6AFD1017D74046005F3072 /* Default-Landscape~ipad.png in Resources */ = {isa = PBXBuildFile; fileRef = 7E6AFD0917D74046005F3072 /* Default-Landscape~ipad.png */; };
		7E6AFD1117D74046005F3072 /* Default-Portrait@2x~ipad.png in Resources */ = {isa = PBXBuildFile; fileRef = 7E6AFD0A17D74046005F3072 /* Default-Portrait@2x~ipad.png */; };
		7E6AFD1217D74046005F3072 /* Default-Portrait~ipad.png in Resources */ = {isa = PBXBuildFile; fileRef = 7E6AFD0B17D74046005F3072 /* Default-Portrait~ipad.png */; };
		7E6AFD1317D74046005F3072 /* Default@2x~iphone.png in Resources */ = {isa = PBXBuildFile; fileRef = 7E6AFD0C17D74046005F3072 /* Default@2x~iphone.png */; };
		7E6AFD1417D74046005F3072 /* Default~iphone.png in Resources */ = {isa = PBXBuildFile; fileRef = 7E6AFD0D17D74046005F3072 /* Default~iphone.png */; };
		7EE09C6016A5B8C000116F6D /* BannerViewController.m in Sources */ = {isa = PBXBuildFile; fileRef = 7EE09C5E16A5B8C000116F6D /* BannerViewController.m */; };
		7EE09C6116A5B8C000116F6D /* BannerViewController.xib in Resources */ = {isa = PBXBuildFile; fileRef = 7EE09C5F16A5B8C000116F6D /* BannerViewController.xib */; };
		7EE09C7016A5BB3500116F6D /* EventKit.framework in Frameworks */ = {isa = PBXBuildFile; fileRef = 7EE09C6C16A5BAA300116F6D /* EventKit.framework */; };
		7EE09C7116A5BB3500116F6D /* EventKitUI.framework in Frameworks */ = {isa = PBXBuildFile; fileRef = 7EE09C6D16A5BAA300116F6D /* EventKitUI.framework */; };
		7EE09C7216A5BB3500116F6D /* CoreMotion.framework in Frameworks */ = {isa = PBXBuildFile; fileRef = 7EE09C6A16A5BA9C00116F6D /* CoreMotion.framework */; };
		7EE09C7316A5BB3500116F6D /* MediaPlayer.framework in Frameworks */ = {isa = PBXBuildFile; fileRef = 7EE09C6816A5BA9600116F6D /* MediaPlayer.framework */; };
		7EE09C7416A5BB3500116F6D /* SystemConfiguration.framework in Frameworks */ = {isa = PBXBuildFile; fileRef = 7EE09C6616A5BA8D00116F6D /* SystemConfiguration.framework */; };
		7EE09C7516A5BB3500116F6D /* CoreLocation.framework in Frameworks */ = {isa = PBXBuildFile; fileRef = 7EE09C6416A5BA8700116F6D /* CoreLocation.framework */; };
		7EE09C7616A5BB3500116F6D /* QuartzCore.framework in Frameworks */ = {isa = PBXBuildFile; fileRef = 7EE09C6216A5BA7E00116F6D /* QuartzCore.framework */; };
		7EE09C7916A5BCC800116F6D /* AdSupport.framework in Frameworks */ = {isa = PBXBuildFile; fileRef = 7EE09C7716A5BCBD00116F6D /* AdSupport.framework */; };
		7EE832CE16A6E7DB0000C54C /* ToasterViewController.m in Sources */ = {isa = PBXBuildFile; fileRef = 7EE832CC16A6E7DB0000C54C /* ToasterViewController.m */; };
		7EE832CF16A6E7DB0000C54C /* ToasterViewController.xib in Resources */ = {isa = PBXBuildFile; fileRef = 7EE832CD16A6E7DB0000C54C /* ToasterViewController.xib */; };
		7EF2374816A5623400FD4CF0 /* UIKit.framework in Frameworks */ = {isa = PBXBuildFile; fileRef = 7EF2374716A5623400FD4CF0 /* UIKit.framework */; };
		7EF2374A16A5623400FD4CF0 /* Foundation.framework in Frameworks */ = {isa = PBXBuildFile; fileRef = 7EF2374916A5623400FD4CF0 /* Foundation.framework */; };
		7EF2374C16A5623400FD4CF0 /* CoreGraphics.framework in Frameworks */ = {isa = PBXBuildFile; fileRef = 7EF2374B16A5623400FD4CF0 /* CoreGraphics.framework */; };
		7EF2375416A5623400FD4CF0 /* main.m in Sources */ = {isa = PBXBuildFile; fileRef = 7EF2375316A5623400FD4CF0 /* main.m */; };
		7EF2375816A5623400FD4CF0 /* AppDelegate.m in Sources */ = {isa = PBXBuildFile; fileRef = 7EF2375716A5623400FD4CF0 /* AppDelegate.m */; };
		7EF2376116A5623400FD4CF0 /* MasterViewController.m in Sources */ = {isa = PBXBuildFile; fileRef = 7EF2376016A5623400FD4CF0 /* MasterViewController.m */; };
		7EF2376716A5623400FD4CF0 /* MasterViewController.xib in Resources */ = {isa = PBXBuildFile; fileRef = 7EF2376516A5623400FD4CF0 /* MasterViewController.xib */; };
		7EF2378016A5666500FD4CF0 /* sas.bundle in Resources */ = {isa = PBXBuildFile; fileRef = 7EF2377E16A5666500FD4CF0 /* sas.bundle */; };
		850040031BA04004003AAD31 /* AFHTTPRequestOperation.m in Sources */ = {isa = PBXBuildFile; fileRef = 85003FDE1BA04004003AAD31 /* AFHTTPRequestOperation.m */; };
		850040041BA04004003AAD31 /* AFHTTPRequestOperationManager.m in Sources */ = {isa = PBXBuildFile; fileRef = 85003FE01BA04004003AAD31 /* AFHTTPRequestOperationManager.m */; };
		850040051BA04004003AAD31 /* AFHTTPSessionManager.m in Sources */ = {isa = PBXBuildFile; fileRef = 85003FE21BA04004003AAD31 /* AFHTTPSessionManager.m */; };
		850040061BA04004003AAD31 /* AFNetworkReachabilityManager.m in Sources */ = {isa = PBXBuildFile; fileRef = 85003FE51BA04004003AAD31 /* AFNetworkReachabilityManager.m */; };
		850040071BA04004003AAD31 /* AFSecurityPolicy.m in Sources */ = {isa = PBXBuildFile; fileRef = 85003FE71BA04004003AAD31 /* AFSecurityPolicy.m */; };
		850040081BA04004003AAD31 /* AFURLConnectionOperation.m in Sources */ = {isa = PBXBuildFile; fileRef = 85003FE91BA04004003AAD31 /* AFURLConnectionOperation.m */; };
		850040091BA04004003AAD31 /* AFURLRequestSerialization.m in Sources */ = {isa = PBXBuildFile; fileRef = 85003FEB1BA04004003AAD31 /* AFURLRequestSerialization.m */; };
		8500400A1BA04004003AAD31 /* AFURLResponseSerialization.m in Sources */ = {isa = PBXBuildFile; fileRef = 85003FED1BA04004003AAD31 /* AFURLResponseSerialization.m */; };
		8500400B1BA04004003AAD31 /* AFURLSessionManager.m in Sources */ = {isa = PBXBuildFile; fileRef = 85003FEF1BA04004003AAD31 /* AFURLSessionManager.m */; };
		8500400C1BA04004003AAD31 /* AFNetworkActivityIndicatorManager.m in Sources */ = {isa = PBXBuildFile; fileRef = 85003FF21BA04004003AAD31 /* AFNetworkActivityIndicatorManager.m */; };
		8500400D1BA04004003AAD31 /* UIActivityIndicatorView+AFNetworking.m in Sources */ = {isa = PBXBuildFile; fileRef = 85003FF41BA04004003AAD31 /* UIActivityIndicatorView+AFNetworking.m */; };
		8500400E1BA04004003AAD31 /* UIAlertView+AFNetworking.m in Sources */ = {isa = PBXBuildFile; fileRef = 85003FF61BA04004003AAD31 /* UIAlertView+AFNetworking.m */; };
		8500400F1BA04004003AAD31 /* UIButton+AFNetworking.m in Sources */ = {isa = PBXBuildFile; fileRef = 85003FF81BA04004003AAD31 /* UIButton+AFNetworking.m */; };
		850040101BA04004003AAD31 /* UIImageView+AFNetworking.m in Sources */ = {isa = PBXBuildFile; fileRef = 85003FFB1BA04004003AAD31 /* UIImageView+AFNetworking.m */; };
		850040111BA04004003AAD31 /* UIProgressView+AFNetworking.m in Sources */ = {isa = PBXBuildFile; fileRef = 85003FFE1BA04004003AAD31 /* UIProgressView+AFNetworking.m */; };
		850040121BA04004003AAD31 /* UIRefreshControl+AFNetworking.m in Sources */ = {isa = PBXBuildFile; fileRef = 850040001BA04004003AAD31 /* UIRefreshControl+AFNetworking.m */; };
		850040131BA04004003AAD31 /* UIWebView+AFNetworking.m in Sources */ = {isa = PBXBuildFile; fileRef = 850040021BA04004003AAD31 /* UIWebView+AFNetworking.m */; };
		850040171BA04055003AAD31 /* NativeAdCell.m in Sources */ = {isa = PBXBuildFile; fileRef = 850040151BA04055003AAD31 /* NativeAdCell.m */; };
		850040181BA04055003AAD31 /* NativeAdCell.xib in Resources */ = {isa = PBXBuildFile; fileRef = 850040161BA04055003AAD31 /* NativeAdCell.xib */; };
		8500401A1BA0409B003AAD31 /* MobileCoreServices.framework in Frameworks */ = {isa = PBXBuildFile; fileRef = 850040191BA0409B003AAD31 /* MobileCoreServices.framework */; };
		8500401E1BA045A9003AAD31 /* NewsItemCell.m in Sources */ = {isa = PBXBuildFile; fileRef = 8500401C1BA045A9003AAD31 /* NewsItemCell.m */; };
		8500401F1BA045A9003AAD31 /* NewsItemCell.xib in Resources */ = {isa = PBXBuildFile; fileRef = 8500401D1BA045A9003AAD31 /* NewsItemCell.xib */; };
		850040211BA087E0003AAD31 /* NewsItemFullCell.xib in Resources */ = {isa = PBXBuildFile; fileRef = 850040201BA087E0003AAD31 /* NewsItemFullCell.xib */; };
		850040231BA08E5B003AAD31 /* NativeAdFullCell.xib in Resources */ = {isa = PBXBuildFile; fileRef = 850040221BA08E5B003AAD31 /* NativeAdFullCell.xib */; };
		85112AB71AF11044000300CA /* AVFoundation.framework in Frameworks */ = {isa = PBXBuildFile; fileRef = 85112AB61AF11044000300CA /* AVFoundation.framework */; };
		85112AB91AF11079000300CA /* CoreMedia.framework in Frameworks */ = {isa = PBXBuildFile; fileRef = 85112AB81AF11079000300CA /* CoreMedia.framework */; };
		85112ABB1AF11291000300CA /* BannerInTableViewController.xib in Resources */ = {isa = PBXBuildFile; fileRef = 85112ABA1AF11291000300CA /* BannerInTableViewController.xib */; };
		85112ABE1AF112B6000300CA /* BannerInTableViewController.m in Sources */ = {isa = PBXBuildFile; fileRef = 85112ABD1AF112B6000300CA /* BannerInTableViewController.m */; };
		85112AC41AF123EE000300CA /* SASTableBannerView.m in Sources */ = {isa = PBXBuildFile; fileRef = 85112AC31AF123EE000300CA /* SASTableBannerView.m */; };
		8532A2C51B960ED700F1F7FE /* NativeAdInTableViewController.m in Sources */ = {isa = PBXBuildFile; fileRef = 8532A2C31B960ED700F1F7FE /* NativeAdInTableViewController.m */; };
		8532A2C61B960ED700F1F7FE /* NativeAdInTableViewController.xib in Resources */ = {isa = PBXBuildFile; fileRef = 8532A2C41B960ED700F1F7FE /* NativeAdInTableViewController.xib */; };
		8532A2D71B96150300F1F7FE /* AdListItem.m in Sources */ = {isa = PBXBuildFile; fileRef = 8532A2D61B96150300F1F7FE /* AdListItem.m */; };
		8532A2DD1B970CE400F1F7FE /* DetailViewController.m in Sources */ = {isa = PBXBuildFile; fileRef = 8532A2DC1B970CE300F1F7FE /* DetailViewController.m */; };
		8532A2DF1B97213400F1F7FE /* DetailViewController.xib in Resources */ = {isa = PBXBuildFile; fileRef = 8532A2DE1B97213400F1F7FE /* DetailViewController.xib */; };
		853BD19F1BD12B910035CF0D /* 5starsgray.png in Resources */ = {isa = PBXBuildFile; fileRef = 853BD19C1BD12B910035CF0D /* 5starsgray.png */; };
		853BD1A01BD12B910035CF0D /* RatingView.m in Sources */ = {isa = PBXBuildFile; fileRef = 853BD19E1BD12B910035CF0D /* RatingView.m */; };
		855DAB431B9DC7E2003071EE /* RSSFeedXMLParser.m in Sources */ = {isa = PBXBuildFile; fileRef = 855DAB421B9DC7E2003071EE /* RSSFeedXMLParser.m */; };
		855DAB461B9EF2F0003071EE /* RSSListItem.m in Sources */ = {isa = PBXBuildFile; fileRef = 855DAB451B9EF2F0003071EE /* RSSListItem.m */; };
		85C5C49E19C838B200834640 /* LaunchScreen.xib in Resources */ = {isa = PBXBuildFile; fileRef = 85C5C49D19C838B200834640 /* LaunchScreen.xib */; };
		85C5C4A019C838D100834640 /* LaunchScreenLogo.png in Resources */ = {isa = PBXBuildFile; fileRef = 85C5C49F19C838D100834640 /* LaunchScreenLogo.png */; };
		8F4294A019C72164000FA47F /* StoreKit.framework in Frameworks */ = {isa = PBXBuildFile; fileRef = 7EBEDA8718D8AAC300D85911 /* StoreKit.framework */; };
/* End PBXBuildFile section */

/* Begin PBXFileReference section */
		7CE708DD1C52F6A9003F4792 /* libMOCALib.a */ = {isa = PBXFileReference; lastKnownFileType = archive.ar; name = libMOCALib.a; path = ../../moca/libMOCALib.a; sourceTree = "<group>"; };
		7CE708DF1C52F79B003F4792 /* libsqlite3.0.tbd */ = {isa = PBXFileReference; lastKnownFileType = "sourcecode.text-based-dylib-definition"; name = libsqlite3.0.tbd; path = usr/lib/libsqlite3.0.tbd; sourceTree = SDKROOT; };
		7CE708E21C52F961003F4792 /* libMOCALib.a */ = {isa = PBXFileReference; lastKnownFileType = archive.ar; name = libMOCALib.a; path = ../../../moca/libMOCALib.a; sourceTree = "<group>"; };
		7CE708E31C52F961003F4792 /* LICENSE */ = {isa = PBXFileReference; fileEncoding = 4; lastKnownFileType = text; name = LICENSE; path = ../../../moca/LICENSE; sourceTree = "<group>"; };
		7CE708E41C52F961003F4792 /* README */ = {isa = PBXFileReference; fileEncoding = 4; lastKnownFileType = text; name = README; path = ../../../moca/README; sourceTree = "<group>"; };
		7CE708E91C52F971003F4792 /* MOCA.h */ = {isa = PBXFileReference; fileEncoding = 4; lastKnownFileType = sourcecode.c.h; path = MOCA.h; sourceTree = "<group>"; };
		7CE708EA1C52F971003F4792 /* MOCAAction.h */ = {isa = PBXFileReference; fileEncoding = 4; lastKnownFileType = sourcecode.c.h; path = MOCAAction.h; sourceTree = "<group>"; };
		7CE708EB1C52F971003F4792 /* MOCABeacon.h */ = {isa = PBXFileReference; fileEncoding = 4; lastKnownFileType = sourcecode.c.h; path = MOCABeacon.h; sourceTree = "<group>"; };
		7CE708EC1C52F971003F4792 /* MOCAConfig.h */ = {isa = PBXFileReference; fileEncoding = 4; lastKnownFileType = sourcecode.c.h; path = MOCAConfig.h; sourceTree = "<group>"; };
		7CE708ED1C52F971003F4792 /* MOCAEvent.h */ = {isa = PBXFileReference; fileEncoding = 4; lastKnownFileType = sourcecode.c.h; path = MOCAEvent.h; sourceTree = "<group>"; };
		7CE708EE1C52F971003F4792 /* MOCAInbox.h */ = {isa = PBXFileReference; fileEncoding = 4; lastKnownFileType = sourcecode.c.h; path = MOCAInbox.h; sourceTree = "<group>"; };
		7CE708EF1C52F971003F4792 /* MOCAInstance.h */ = {isa = PBXFileReference; fileEncoding = 4; lastKnownFileType = sourcecode.c.h; path = MOCAInstance.h; sourceTree = "<group>"; };
		7CE708F01C52F971003F4792 /* MOCALog.h */ = {isa = PBXFileReference; fileEncoding = 4; lastKnownFileType = sourcecode.c.h; path = MOCALog.h; sourceTree = "<group>"; };
		7CE708F11C52F971003F4792 /* MOCAPlace.h */ = {isa = PBXFileReference; fileEncoding = 4; lastKnownFileType = sourcecode.c.h; path = MOCAPlace.h; sourceTree = "<group>"; };
		7CE708F21C52F971003F4792 /* MOCAPropertyContainer.h */ = {isa = PBXFileReference; fileEncoding = 4; lastKnownFileType = sourcecode.c.h; path = MOCAPropertyContainer.h; sourceTree = "<group>"; };
		7CE708F31C52F971003F4792 /* MOCAProximityDelegate.h */ = {isa = PBXFileReference; fileEncoding = 4; lastKnownFileType = sourcecode.c.h; path = MOCAProximityDelegate.h; sourceTree = "<group>"; };
		7CE708F41C52F971003F4792 /* MOCAProximityService.h */ = {isa = PBXFileReference; fileEncoding = 4; lastKnownFileType = sourcecode.c.h; path = MOCAProximityService.h; sourceTree = "<group>"; };
		7CE708F51C52F971003F4792 /* MOCASerializable.h */ = {isa = PBXFileReference; fileEncoding = 4; lastKnownFileType = sourcecode.c.h; path = MOCASerializable.h; sourceTree = "<group>"; };
		7CE708F61C52F971003F4792 /* MOCAUser.h */ = {isa = PBXFileReference; fileEncoding = 4; lastKnownFileType = sourcecode.c.h; path = MOCAUser.h; sourceTree = "<group>"; };
		7CE708F71C52F971003F4792 /* MOCAZone.h */ = {isa = PBXFileReference; fileEncoding = 4; lastKnownFileType = sourcecode.c.h; path = MOCAZone.h; sourceTree = "<group>"; };
		7CE708F81C52FA4B003F4792 /* MOCAConfig.plist */ = {isa = PBXFileReference; fileEncoding = 4; lastKnownFileType = text.plist.xml; path = MOCAConfig.plist; sourceTree = "<group>"; };
		7CE708FA1C530147003F4792 /* MOCAAds.h */ = {isa = PBXFileReference; fileEncoding = 4; lastKnownFileType = sourcecode.c.h; path = MOCAAds.h; sourceTree = "<group>"; };
		7CE708FB1C53030D003F4792 /* MOCAAds.m */ = {isa = PBXFileReference; fileEncoding = 4; lastKnownFileType = sourcecode.c.objc; path = MOCAAds.m; sourceTree = "<group>"; };
		7E0BA3C31B99E90B007B5EE6 /* SASAd.h */ = {isa = PBXFileReference; lastKnownFileType = sourcecode.c.h; path = SASAd.h; sourceTree = "<group>"; };
		7E0BA3C41B99E90B007B5EE6 /* SASAdView.h */ = {isa = PBXFileReference; lastKnownFileType = sourcecode.c.h; path = SASAdView.h; sourceTree = "<group>"; };
		7E0BA3C51B99E90B007B5EE6 /* SASAdViewDelegate.h */ = {isa = PBXFileReference; lastKnownFileType = sourcecode.c.h; path = SASAdViewDelegate.h; sourceTree = "<group>"; };
		7E0BA3C61B99E90B007B5EE6 /* SASBannerView.h */ = {isa = PBXFileReference; lastKnownFileType = sourcecode.c.h; path = SASBannerView.h; sourceTree = "<group>"; };
		7E0BA3C71B99E90B007B5EE6 /* SASInterstitialView.h */ = {isa = PBXFileReference; lastKnownFileType = sourcecode.c.h; path = SASInterstitialView.h; sourceTree = "<group>"; };
		7E0BA3C81B99E90B007B5EE6 /* SASMediationAd.h */ = {isa = PBXFileReference; lastKnownFileType = sourcecode.c.h; path = SASMediationAd.h; sourceTree = "<group>"; };
		7E0BA3C91B99E90B007B5EE6 /* SASNativeAd.h */ = {isa = PBXFileReference; lastKnownFileType = sourcecode.c.h; path = SASNativeAd.h; sourceTree = "<group>"; };
		7E0BA3CB1B99E90B007B5EE6 /* SASNativeAdImage.h */ = {isa = PBXFileReference; lastKnownFileType = sourcecode.c.h; path = SASNativeAdImage.h; sourceTree = "<group>"; };
		7E0BA3CC1B99E90B007B5EE6 /* SASNativeAdManager.h */ = {isa = PBXFileReference; lastKnownFileType = sourcecode.c.h; path = SASNativeAdManager.h; sourceTree = "<group>"; };
		7E38F0C216AD7D0300FA87E5 /* PrefetchInterstitialViewController.h */ = {isa = PBXFileReference; fileEncoding = 4; lastKnownFileType = sourcecode.c.h; path = PrefetchInterstitialViewController.h; sourceTree = "<group>"; };
		7E38F0C316AD7D0300FA87E5 /* PrefetchInterstitialViewController.m */ = {isa = PBXFileReference; fileEncoding = 4; lastKnownFileType = sourcecode.c.objc; path = PrefetchInterstitialViewController.m; sourceTree = "<group>"; };
		7E38F0C416AD7D0300FA87E5 /* PrefetchInterstitialViewController.xib */ = {isa = PBXFileReference; fileEncoding = 4; lastKnownFileType = file.xib; path = PrefetchInterstitialViewController.xib; sourceTree = "<group>"; };
		7E38F0CB16AD854500FA87E5 /* libSmartAdServer.a */ = {isa = PBXFileReference; lastKnownFileType = archive.ar; path = libSmartAdServer.a; sourceTree = "<group>"; };
		7E4562D816A5A62900E74BC3 /* MenuItem.h */ = {isa = PBXFileReference; fileEncoding = 4; lastKnownFileType = sourcecode.c.h; path = MenuItem.h; sourceTree = "<group>"; };
		7E4562D916A5A62900E74BC3 /* MenuItem.m */ = {isa = PBXFileReference; fileEncoding = 4; lastKnownFileType = sourcecode.c.objc; path = MenuItem.m; sourceTree = "<group>"; };
		7E549B8A16A6AE3F003BF36A /* Icon.png */ = {isa = PBXFileReference; lastKnownFileType = image.png; path = Icon.png; sourceTree = "<group>"; };
		7E549B8B16A6AE3F003BF36A /* Icon@2x.png */ = {isa = PBXFileReference; lastKnownFileType = image.png; path = "Icon@2x.png"; sourceTree = "<group>"; };
		7E549B8F16A6B188003BF36A /* InterstitialViewController.h */ = {isa = PBXFileReference; fileEncoding = 4; lastKnownFileType = sourcecode.c.h; path = InterstitialViewController.h; sourceTree = "<group>"; };
		7E549B9016A6B188003BF36A /* InterstitialViewController.m */ = {isa = PBXFileReference; fileEncoding = 4; lastKnownFileType = sourcecode.c.objc; path = InterstitialViewController.m; sourceTree = "<group>"; };
		7E549B9116A6B188003BF36A /* InterstitialViewController.xib */ = {isa = PBXFileReference; fileEncoding = 4; lastKnownFileType = file.xib; path = InterstitialViewController.xib; sourceTree = "<group>"; };
		7E549B9616A6B4E4003BF36A /* InterstitialDismissAnimationViewController.h */ = {isa = PBXFileReference; fileEncoding = 4; lastKnownFileType = sourcecode.c.h; path = InterstitialDismissAnimationViewController.h; sourceTree = "<group>"; };
		7E549B9716A6B4E4003BF36A /* InterstitialDismissAnimationViewController.m */ = {isa = PBXFileReference; fileEncoding = 4; lastKnownFileType = sourcecode.c.objc; path = InterstitialDismissAnimationViewController.m; sourceTree = "<group>"; };
		7E549B9816A6B4E4003BF36A /* InterstitialDismissAnimationViewController.xib */ = {isa = PBXFileReference; fileEncoding = 4; lastKnownFileType = file.xib; path = InterstitialDismissAnimationViewController.xib; sourceTree = "<group>"; };
		7E54E1F219A3A7A400651991 /* Images.xcassets */ = {isa = PBXFileReference; lastKnownFileType = folder.assetcatalog; path = Images.xcassets; sourceTree = "<group>"; };
		7E6AFD0717D74046005F3072 /* Default-568h@2x~iphone.png */ = {isa = PBXFileReference; lastKnownFileType = image.png; path = "Default-568h@2x~iphone.png"; sourceTree = "<group>"; };
		7E6AFD0817D74046005F3072 /* Default-Landscape@2x~ipad.png */ = {isa = PBXFileReference; lastKnownFileType = image.png; path = "Default-Landscape@2x~ipad.png"; sourceTree = "<group>"; };
		7E6AFD0917D74046005F3072 /* Default-Landscape~ipad.png */ = {isa = PBXFileReference; lastKnownFileType = image.png; path = "Default-Landscape~ipad.png"; sourceTree = "<group>"; };
		7E6AFD0A17D74046005F3072 /* Default-Portrait@2x~ipad.png */ = {isa = PBXFileReference; lastKnownFileType = image.png; path = "Default-Portrait@2x~ipad.png"; sourceTree = "<group>"; };
		7E6AFD0B17D74046005F3072 /* Default-Portrait~ipad.png */ = {isa = PBXFileReference; lastKnownFileType = image.png; path = "Default-Portrait~ipad.png"; sourceTree = "<group>"; };
		7E6AFD0C17D74046005F3072 /* Default@2x~iphone.png */ = {isa = PBXFileReference; lastKnownFileType = image.png; path = "Default@2x~iphone.png"; sourceTree = "<group>"; };
		7E6AFD0D17D74046005F3072 /* Default~iphone.png */ = {isa = PBXFileReference; lastKnownFileType = image.png; path = "Default~iphone.png"; sourceTree = "<group>"; };
		7EB20B8319E570D8007D7AD9 /* ObjCSample-Info.plist */ = {isa = PBXFileReference; fileEncoding = 4; lastKnownFileType = text.plist.xml; path = "ObjCSample-Info.plist"; sourceTree = "<group>"; };
		7EBEDA8718D8AAC300D85911 /* StoreKit.framework */ = {isa = PBXFileReference; lastKnownFileType = wrapper.framework; name = StoreKit.framework; path = System/Library/Frameworks/StoreKit.framework; sourceTree = SDKROOT; };
		7EE09C5D16A5B8C000116F6D /* BannerViewController.h */ = {isa = PBXFileReference; fileEncoding = 4; lastKnownFileType = sourcecode.c.h; path = BannerViewController.h; sourceTree = "<group>"; };
		7EE09C5E16A5B8C000116F6D /* BannerViewController.m */ = {isa = PBXFileReference; fileEncoding = 4; lastKnownFileType = sourcecode.c.objc; path = BannerViewController.m; sourceTree = "<group>"; };
		7EE09C5F16A5B8C000116F6D /* BannerViewController.xib */ = {isa = PBXFileReference; fileEncoding = 4; lastKnownFileType = file.xib; path = BannerViewController.xib; sourceTree = "<group>"; };
		7EE09C6216A5BA7E00116F6D /* QuartzCore.framework */ = {isa = PBXFileReference; lastKnownFileType = wrapper.framework; name = QuartzCore.framework; path = System/Library/Frameworks/QuartzCore.framework; sourceTree = SDKROOT; };
		7EE09C6416A5BA8700116F6D /* CoreLocation.framework */ = {isa = PBXFileReference; lastKnownFileType = wrapper.framework; name = CoreLocation.framework; path = System/Library/Frameworks/CoreLocation.framework; sourceTree = SDKROOT; };
		7EE09C6616A5BA8D00116F6D /* SystemConfiguration.framework */ = {isa = PBXFileReference; lastKnownFileType = wrapper.framework; name = SystemConfiguration.framework; path = System/Library/Frameworks/SystemConfiguration.framework; sourceTree = SDKROOT; };
		7EE09C6816A5BA9600116F6D /* MediaPlayer.framework */ = {isa = PBXFileReference; lastKnownFileType = wrapper.framework; name = MediaPlayer.framework; path = System/Library/Frameworks/MediaPlayer.framework; sourceTree = SDKROOT; };
		7EE09C6A16A5BA9C00116F6D /* CoreMotion.framework */ = {isa = PBXFileReference; lastKnownFileType = wrapper.framework; name = CoreMotion.framework; path = System/Library/Frameworks/CoreMotion.framework; sourceTree = SDKROOT; };
		7EE09C6C16A5BAA300116F6D /* EventKit.framework */ = {isa = PBXFileReference; lastKnownFileType = wrapper.framework; name = EventKit.framework; path = System/Library/Frameworks/EventKit.framework; sourceTree = SDKROOT; };
		7EE09C6D16A5BAA300116F6D /* EventKitUI.framework */ = {isa = PBXFileReference; lastKnownFileType = wrapper.framework; name = EventKitUI.framework; path = System/Library/Frameworks/EventKitUI.framework; sourceTree = SDKROOT; };
		7EE09C7716A5BCBD00116F6D /* AdSupport.framework */ = {isa = PBXFileReference; lastKnownFileType = wrapper.framework; name = AdSupport.framework; path = System/Library/Frameworks/AdSupport.framework; sourceTree = SDKROOT; };
		7EE832CB16A6E7DB0000C54C /* ToasterViewController.h */ = {isa = PBXFileReference; fileEncoding = 4; lastKnownFileType = sourcecode.c.h; path = ToasterViewController.h; sourceTree = "<group>"; };
		7EE832CC16A6E7DB0000C54C /* ToasterViewController.m */ = {isa = PBXFileReference; fileEncoding = 4; lastKnownFileType = sourcecode.c.objc; path = ToasterViewController.m; sourceTree = "<group>"; };
		7EE832CD16A6E7DB0000C54C /* ToasterViewController.xib */ = {isa = PBXFileReference; fileEncoding = 4; lastKnownFileType = file.xib; path = ToasterViewController.xib; sourceTree = "<group>"; };
		7EF2374316A5623400FD4CF0 /* ObjCSample.app */ = {isa = PBXFileReference; explicitFileType = wrapper.application; includeInIndex = 0; path = ObjCSample.app; sourceTree = BUILT_PRODUCTS_DIR; };
		7EF2374716A5623400FD4CF0 /* UIKit.framework */ = {isa = PBXFileReference; lastKnownFileType = wrapper.framework; name = UIKit.framework; path = System/Library/Frameworks/UIKit.framework; sourceTree = SDKROOT; };
		7EF2374916A5623400FD4CF0 /* Foundation.framework */ = {isa = PBXFileReference; lastKnownFileType = wrapper.framework; name = Foundation.framework; path = System/Library/Frameworks/Foundation.framework; sourceTree = SDKROOT; };
		7EF2374B16A5623400FD4CF0 /* CoreGraphics.framework */ = {isa = PBXFileReference; lastKnownFileType = wrapper.framework; name = CoreGraphics.framework; path = System/Library/Frameworks/CoreGraphics.framework; sourceTree = SDKROOT; };
		7EF2375116A5623400FD4CF0 /* en */ = {isa = PBXFileReference; lastKnownFileType = text.plist.strings; name = en; path = en.lproj/InfoPlist.strings; sourceTree = "<group>"; };
		7EF2375316A5623400FD4CF0 /* main.m */ = {isa = PBXFileReference; lastKnownFileType = sourcecode.c.objc; path = main.m; sourceTree = "<group>"; };
		7EF2375616A5623400FD4CF0 /* AppDelegate.h */ = {isa = PBXFileReference; lastKnownFileType = sourcecode.c.h; path = AppDelegate.h; sourceTree = "<group>"; };
		7EF2375716A5623400FD4CF0 /* AppDelegate.m */ = {isa = PBXFileReference; lastKnownFileType = sourcecode.c.objc; path = AppDelegate.m; sourceTree = "<group>"; };
		7EF2375F16A5623400FD4CF0 /* MasterViewController.h */ = {isa = PBXFileReference; lastKnownFileType = sourcecode.c.h; path = MasterViewController.h; sourceTree = "<group>"; };
		7EF2376016A5623400FD4CF0 /* MasterViewController.m */ = {isa = PBXFileReference; lastKnownFileType = sourcecode.c.objc; path = MasterViewController.m; sourceTree = "<group>"; };
		7EF2376616A5623400FD4CF0 /* en */ = {isa = PBXFileReference; lastKnownFileType = file.xib; name = en; path = en.lproj/MasterViewController.xib; sourceTree = "<group>"; };
		7EF2377E16A5666500FD4CF0 /* sas.bundle */ = {isa = PBXFileReference; lastKnownFileType = "wrapper.plug-in"; path = sas.bundle; sourceTree = "<group>"; };
		85003FDD1BA04004003AAD31 /* AFHTTPRequestOperation.h */ = {isa = PBXFileReference; fileEncoding = 4; lastKnownFileType = sourcecode.c.h; path = AFHTTPRequestOperation.h; sourceTree = "<group>"; };
		85003FDE1BA04004003AAD31 /* AFHTTPRequestOperation.m */ = {isa = PBXFileReference; fileEncoding = 4; lastKnownFileType = sourcecode.c.objc; path = AFHTTPRequestOperation.m; sourceTree = "<group>"; };
		85003FDF1BA04004003AAD31 /* AFHTTPRequestOperationManager.h */ = {isa = PBXFileReference; fileEncoding = 4; lastKnownFileType = sourcecode.c.h; path = AFHTTPRequestOperationManager.h; sourceTree = "<group>"; };
		85003FE01BA04004003AAD31 /* AFHTTPRequestOperationManager.m */ = {isa = PBXFileReference; fileEncoding = 4; lastKnownFileType = sourcecode.c.objc; path = AFHTTPRequestOperationManager.m; sourceTree = "<group>"; };
		85003FE11BA04004003AAD31 /* AFHTTPSessionManager.h */ = {isa = PBXFileReference; fileEncoding = 4; lastKnownFileType = sourcecode.c.h; path = AFHTTPSessionManager.h; sourceTree = "<group>"; };
		85003FE21BA04004003AAD31 /* AFHTTPSessionManager.m */ = {isa = PBXFileReference; fileEncoding = 4; lastKnownFileType = sourcecode.c.objc; path = AFHTTPSessionManager.m; sourceTree = "<group>"; };
		85003FE31BA04004003AAD31 /* AFNetworking.h */ = {isa = PBXFileReference; fileEncoding = 4; lastKnownFileType = sourcecode.c.h; path = AFNetworking.h; sourceTree = "<group>"; };
		85003FE41BA04004003AAD31 /* AFNetworkReachabilityManager.h */ = {isa = PBXFileReference; fileEncoding = 4; lastKnownFileType = sourcecode.c.h; path = AFNetworkReachabilityManager.h; sourceTree = "<group>"; };
		85003FE51BA04004003AAD31 /* AFNetworkReachabilityManager.m */ = {isa = PBXFileReference; fileEncoding = 4; lastKnownFileType = sourcecode.c.objc; path = AFNetworkReachabilityManager.m; sourceTree = "<group>"; };
		85003FE61BA04004003AAD31 /* AFSecurityPolicy.h */ = {isa = PBXFileReference; fileEncoding = 4; lastKnownFileType = sourcecode.c.h; path = AFSecurityPolicy.h; sourceTree = "<group>"; };
		85003FE71BA04004003AAD31 /* AFSecurityPolicy.m */ = {isa = PBXFileReference; fileEncoding = 4; lastKnownFileType = sourcecode.c.objc; path = AFSecurityPolicy.m; sourceTree = "<group>"; };
		85003FE81BA04004003AAD31 /* AFURLConnectionOperation.h */ = {isa = PBXFileReference; fileEncoding = 4; lastKnownFileType = sourcecode.c.h; path = AFURLConnectionOperation.h; sourceTree = "<group>"; };
		85003FE91BA04004003AAD31 /* AFURLConnectionOperation.m */ = {isa = PBXFileReference; fileEncoding = 4; lastKnownFileType = sourcecode.c.objc; path = AFURLConnectionOperation.m; sourceTree = "<group>"; };
		85003FEA1BA04004003AAD31 /* AFURLRequestSerialization.h */ = {isa = PBXFileReference; fileEncoding = 4; lastKnownFileType = sourcecode.c.h; path = AFURLRequestSerialization.h; sourceTree = "<group>"; };
		85003FEB1BA04004003AAD31 /* AFURLRequestSerialization.m */ = {isa = PBXFileReference; fileEncoding = 4; lastKnownFileType = sourcecode.c.objc; path = AFURLRequestSerialization.m; sourceTree = "<group>"; };
		85003FEC1BA04004003AAD31 /* AFURLResponseSerialization.h */ = {isa = PBXFileReference; fileEncoding = 4; lastKnownFileType = sourcecode.c.h; path = AFURLResponseSerialization.h; sourceTree = "<group>"; };
		85003FED1BA04004003AAD31 /* AFURLResponseSerialization.m */ = {isa = PBXFileReference; fileEncoding = 4; lastKnownFileType = sourcecode.c.objc; path = AFURLResponseSerialization.m; sourceTree = "<group>"; };
		85003FEE1BA04004003AAD31 /* AFURLSessionManager.h */ = {isa = PBXFileReference; fileEncoding = 4; lastKnownFileType = sourcecode.c.h; path = AFURLSessionManager.h; sourceTree = "<group>"; };
		85003FEF1BA04004003AAD31 /* AFURLSessionManager.m */ = {isa = PBXFileReference; fileEncoding = 4; lastKnownFileType = sourcecode.c.objc; path = AFURLSessionManager.m; sourceTree = "<group>"; };
		85003FF11BA04004003AAD31 /* AFNetworkActivityIndicatorManager.h */ = {isa = PBXFileReference; fileEncoding = 4; lastKnownFileType = sourcecode.c.h; path = AFNetworkActivityIndicatorManager.h; sourceTree = "<group>"; };
		85003FF21BA04004003AAD31 /* AFNetworkActivityIndicatorManager.m */ = {isa = PBXFileReference; fileEncoding = 4; lastKnownFileType = sourcecode.c.objc; path = AFNetworkActivityIndicatorManager.m; sourceTree = "<group>"; };
		85003FF31BA04004003AAD31 /* UIActivityIndicatorView+AFNetworking.h */ = {isa = PBXFileReference; fileEncoding = 4; lastKnownFileType = sourcecode.c.h; path = "UIActivityIndicatorView+AFNetworking.h"; sourceTree = "<group>"; };
		85003FF41BA04004003AAD31 /* UIActivityIndicatorView+AFNetworking.m */ = {isa = PBXFileReference; fileEncoding = 4; lastKnownFileType = sourcecode.c.objc; path = "UIActivityIndicatorView+AFNetworking.m"; sourceTree = "<group>"; };
		85003FF51BA04004003AAD31 /* UIAlertView+AFNetworking.h */ = {isa = PBXFileReference; fileEncoding = 4; lastKnownFileType = sourcecode.c.h; path = "UIAlertView+AFNetworking.h"; sourceTree = "<group>"; };
		85003FF61BA04004003AAD31 /* UIAlertView+AFNetworking.m */ = {isa = PBXFileReference; fileEncoding = 4; lastKnownFileType = sourcecode.c.objc; path = "UIAlertView+AFNetworking.m"; sourceTree = "<group>"; };
		85003FF71BA04004003AAD31 /* UIButton+AFNetworking.h */ = {isa = PBXFileReference; fileEncoding = 4; lastKnownFileType = sourcecode.c.h; path = "UIButton+AFNetworking.h"; sourceTree = "<group>"; };
		85003FF81BA04004003AAD31 /* UIButton+AFNetworking.m */ = {isa = PBXFileReference; fileEncoding = 4; lastKnownFileType = sourcecode.c.objc; path = "UIButton+AFNetworking.m"; sourceTree = "<group>"; };
		85003FF91BA04004003AAD31 /* UIImage+AFNetworking.h */ = {isa = PBXFileReference; fileEncoding = 4; lastKnownFileType = sourcecode.c.h; path = "UIImage+AFNetworking.h"; sourceTree = "<group>"; };
		85003FFA1BA04004003AAD31 /* UIImageView+AFNetworking.h */ = {isa = PBXFileReference; fileEncoding = 4; lastKnownFileType = sourcecode.c.h; path = "UIImageView+AFNetworking.h"; sourceTree = "<group>"; };
		85003FFB1BA04004003AAD31 /* UIImageView+AFNetworking.m */ = {isa = PBXFileReference; fileEncoding = 4; lastKnownFileType = sourcecode.c.objc; path = "UIImageView+AFNetworking.m"; sourceTree = "<group>"; };
		85003FFC1BA04004003AAD31 /* UIKit+AFNetworking.h */ = {isa = PBXFileReference; fileEncoding = 4; lastKnownFileType = sourcecode.c.h; path = "UIKit+AFNetworking.h"; sourceTree = "<group>"; };
		85003FFD1BA04004003AAD31 /* UIProgressView+AFNetworking.h */ = {isa = PBXFileReference; fileEncoding = 4; lastKnownFileType = sourcecode.c.h; path = "UIProgressView+AFNetworking.h"; sourceTree = "<group>"; };
		85003FFE1BA04004003AAD31 /* UIProgressView+AFNetworking.m */ = {isa = PBXFileReference; fileEncoding = 4; lastKnownFileType = sourcecode.c.objc; path = "UIProgressView+AFNetworking.m"; sourceTree = "<group>"; };
		85003FFF1BA04004003AAD31 /* UIRefreshControl+AFNetworking.h */ = {isa = PBXFileReference; fileEncoding = 4; lastKnownFileType = sourcecode.c.h; path = "UIRefreshControl+AFNetworking.h"; sourceTree = "<group>"; };
		850040001BA04004003AAD31 /* UIRefreshControl+AFNetworking.m */ = {isa = PBXFileReference; fileEncoding = 4; lastKnownFileType = sourcecode.c.objc; path = "UIRefreshControl+AFNetworking.m"; sourceTree = "<group>"; };
		850040011BA04004003AAD31 /* UIWebView+AFNetworking.h */ = {isa = PBXFileReference; fileEncoding = 4; lastKnownFileType = sourcecode.c.h; path = "UIWebView+AFNetworking.h"; sourceTree = "<group>"; };
		850040021BA04004003AAD31 /* UIWebView+AFNetworking.m */ = {isa = PBXFileReference; fileEncoding = 4; lastKnownFileType = sourcecode.c.objc; path = "UIWebView+AFNetworking.m"; sourceTree = "<group>"; };
		850040141BA04055003AAD31 /* NativeAdCell.h */ = {isa = PBXFileReference; fileEncoding = 4; lastKnownFileType = sourcecode.c.h; path = NativeAdCell.h; sourceTree = "<group>"; };
		850040151BA04055003AAD31 /* NativeAdCell.m */ = {isa = PBXFileReference; fileEncoding = 4; lastKnownFileType = sourcecode.c.objc; path = NativeAdCell.m; sourceTree = "<group>"; };
		850040161BA04055003AAD31 /* NativeAdCell.xib */ = {isa = PBXFileReference; fileEncoding = 4; lastKnownFileType = file.xib; path = NativeAdCell.xib; sourceTree = "<group>"; };
		850040191BA0409B003AAD31 /* MobileCoreServices.framework */ = {isa = PBXFileReference; lastKnownFileType = wrapper.framework; name = MobileCoreServices.framework; path = System/Library/Frameworks/MobileCoreServices.framework; sourceTree = SDKROOT; };
		8500401B1BA045A9003AAD31 /* NewsItemCell.h */ = {isa = PBXFileReference; fileEncoding = 4; lastKnownFileType = sourcecode.c.h; path = NewsItemCell.h; sourceTree = "<group>"; };
		8500401C1BA045A9003AAD31 /* NewsItemCell.m */ = {isa = PBXFileReference; fileEncoding = 4; lastKnownFileType = sourcecode.c.objc; path = NewsItemCell.m; sourceTree = "<group>"; };
		8500401D1BA045A9003AAD31 /* NewsItemCell.xib */ = {isa = PBXFileReference; fileEncoding = 4; lastKnownFileType = file.xib; path = NewsItemCell.xib; sourceTree = "<group>"; };
		850040201BA087E0003AAD31 /* NewsItemFullCell.xib */ = {isa = PBXFileReference; fileEncoding = 4; lastKnownFileType = file.xib; path = NewsItemFullCell.xib; sourceTree = "<group>"; };
		850040221BA08E5B003AAD31 /* NativeAdFullCell.xib */ = {isa = PBXFileReference; fileEncoding = 4; lastKnownFileType = file.xib; path = NativeAdFullCell.xib; sourceTree = "<group>"; };
		85112AB61AF11044000300CA /* AVFoundation.framework */ = {isa = PBXFileReference; lastKnownFileType = wrapper.framework; name = AVFoundation.framework; path = System/Library/Frameworks/AVFoundation.framework; sourceTree = SDKROOT; };
		85112AB81AF11079000300CA /* CoreMedia.framework */ = {isa = PBXFileReference; lastKnownFileType = wrapper.framework; name = CoreMedia.framework; path = System/Library/Frameworks/CoreMedia.framework; sourceTree = SDKROOT; };
		85112ABA1AF11291000300CA /* BannerInTableViewController.xib */ = {isa = PBXFileReference; fileEncoding = 4; lastKnownFileType = file.xib; path = BannerInTableViewController.xib; sourceTree = "<group>"; };
		85112ABC1AF112B6000300CA /* BannerInTableViewController.h */ = {isa = PBXFileReference; fileEncoding = 4; lastKnownFileType = sourcecode.c.h; path = BannerInTableViewController.h; sourceTree = "<group>"; };
		85112ABD1AF112B6000300CA /* BannerInTableViewController.m */ = {isa = PBXFileReference; fileEncoding = 4; lastKnownFileType = sourcecode.c.objc; path = BannerInTableViewController.m; sourceTree = "<group>"; };
		85112AC21AF123EE000300CA /* SASTableBannerView.h */ = {isa = PBXFileReference; fileEncoding = 4; lastKnownFileType = sourcecode.c.h; path = SASTableBannerView.h; sourceTree = "<group>"; };
		85112AC31AF123EE000300CA /* SASTableBannerView.m */ = {isa = PBXFileReference; fileEncoding = 4; lastKnownFileType = sourcecode.c.objc; path = SASTableBannerView.m; sourceTree = "<group>"; };
		85129E541BA31FB000EAD665 /* ListItem.h */ = {isa = PBXFileReference; fileEncoding = 4; lastKnownFileType = sourcecode.c.h; path = ListItem.h; sourceTree = "<group>"; };
		8532A2C21B960ED700F1F7FE /* NativeAdInTableViewController.h */ = {isa = PBXFileReference; fileEncoding = 4; lastKnownFileType = sourcecode.c.h; name = NativeAdInTableViewController.h; path = ObjCSample/NativeAdInTableViewController.h; sourceTree = SOURCE_ROOT; };
		8532A2C31B960ED700F1F7FE /* NativeAdInTableViewController.m */ = {isa = PBXFileReference; fileEncoding = 4; lastKnownFileType = sourcecode.c.objc; name = NativeAdInTableViewController.m; path = ObjCSample/NativeAdInTableViewController.m; sourceTree = SOURCE_ROOT; };
		8532A2C41B960ED700F1F7FE /* NativeAdInTableViewController.xib */ = {isa = PBXFileReference; fileEncoding = 4; lastKnownFileType = file.xib; name = NativeAdInTableViewController.xib; path = ObjCSample/NativeAdInTableViewController.xib; sourceTree = SOURCE_ROOT; };
		8532A2D51B96150300F1F7FE /* AdListItem.h */ = {isa = PBXFileReference; fileEncoding = 4; lastKnownFileType = sourcecode.c.h; path = AdListItem.h; sourceTree = "<group>"; };
		8532A2D61B96150300F1F7FE /* AdListItem.m */ = {isa = PBXFileReference; fileEncoding = 4; lastKnownFileType = sourcecode.c.objc; path = AdListItem.m; sourceTree = "<group>"; };
		8532A2DB1B970CE300F1F7FE /* DetailViewController.h */ = {isa = PBXFileReference; fileEncoding = 4; lastKnownFileType = sourcecode.c.h; path = DetailViewController.h; sourceTree = "<group>"; };
		8532A2DC1B970CE300F1F7FE /* DetailViewController.m */ = {isa = PBXFileReference; fileEncoding = 4; lastKnownFileType = sourcecode.c.objc; path = DetailViewController.m; sourceTree = "<group>"; };
		8532A2DE1B97213400F1F7FE /* DetailViewController.xib */ = {isa = PBXFileReference; fileEncoding = 4; lastKnownFileType = file.xib; path = DetailViewController.xib; sourceTree = "<group>"; };
		853BD19C1BD12B910035CF0D /* 5starsgray.png */ = {isa = PBXFileReference; lastKnownFileType = image.png; path = 5starsgray.png; sourceTree = "<group>"; };
		853BD19D1BD12B910035CF0D /* RatingView.h */ = {isa = PBXFileReference; fileEncoding = 4; lastKnownFileType = sourcecode.c.h; path = RatingView.h; sourceTree = "<group>"; };
		853BD19E1BD12B910035CF0D /* RatingView.m */ = {isa = PBXFileReference; fileEncoding = 4; lastKnownFileType = sourcecode.c.objc; path = RatingView.m; sourceTree = "<group>"; };
		855DAB411B9DC7E2003071EE /* RSSFeedXMLParser.h */ = {isa = PBXFileReference; fileEncoding = 4; lastKnownFileType = sourcecode.c.h; path = RSSFeedXMLParser.h; sourceTree = "<group>"; };
		855DAB421B9DC7E2003071EE /* RSSFeedXMLParser.m */ = {isa = PBXFileReference; fileEncoding = 4; lastKnownFileType = sourcecode.c.objc; path = RSSFeedXMLParser.m; sourceTree = "<group>"; };
		855DAB441B9EF2F0003071EE /* RSSListItem.h */ = {isa = PBXFileReference; fileEncoding = 4; lastKnownFileType = sourcecode.c.h; path = RSSListItem.h; sourceTree = "<group>"; };
		855DAB451B9EF2F0003071EE /* RSSListItem.m */ = {isa = PBXFileReference; fileEncoding = 4; lastKnownFileType = sourcecode.c.objc; path = RSSListItem.m; sourceTree = "<group>"; };
		857481041BCEA2D9007BC89E /* SASNativeAdPlacement.h */ = {isa = PBXFileReference; lastKnownFileType = sourcecode.c.h; path = SASNativeAdPlacement.h; sourceTree = "<group>"; };
		85C5C49D19C838B200834640 /* LaunchScreen.xib */ = {isa = PBXFileReference; fileEncoding = 4; lastKnownFileType = file.xib; path = LaunchScreen.xib; sourceTree = "<group>"; };
		85C5C49F19C838D100834640 /* LaunchScreenLogo.png */ = {isa = PBXFileReference; lastKnownFileType = image.png; path = LaunchScreenLogo.png; sourceTree = "<group>"; };
/* End PBXFileReference section */

/* Begin PBXFrameworksBuildPhase section */
		7EF2374016A5623400FD4CF0 /* Frameworks */ = {
			isa = PBXFrameworksBuildPhase;
			buildActionMask = 2147483647;
			files = (
				7CE708E01C52F79B003F4792 /* libsqlite3.0.tbd in Frameworks */,
				8500401A1BA0409B003AAD31 /* MobileCoreServices.framework in Frameworks */,
				85112AB91AF11079000300CA /* CoreMedia.framework in Frameworks */,
				85112AB71AF11044000300CA /* AVFoundation.framework in Frameworks */,
				8F4294A019C72164000FA47F /* StoreKit.framework in Frameworks */,
				7EE09C7916A5BCC800116F6D /* AdSupport.framework in Frameworks */,
				7EE09C7016A5BB3500116F6D /* EventKit.framework in Frameworks */,
				7EE09C7116A5BB3500116F6D /* EventKitUI.framework in Frameworks */,
				7EE09C7216A5BB3500116F6D /* CoreMotion.framework in Frameworks */,
				7EE09C7316A5BB3500116F6D /* MediaPlayer.framework in Frameworks */,
				7EE09C7416A5BB3500116F6D /* SystemConfiguration.framework in Frameworks */,
				7EE09C7516A5BB3500116F6D /* CoreLocation.framework in Frameworks */,
				7EE09C7616A5BB3500116F6D /* QuartzCore.framework in Frameworks */,
				7EF2374816A5623400FD4CF0 /* UIKit.framework in Frameworks */,
				7CE708E51C52F961003F4792 /* libMOCALib.a in Frameworks */,
				7EF2374A16A5623400FD4CF0 /* Foundation.framework in Frameworks */,
				7EF2374C16A5623400FD4CF0 /* CoreGraphics.framework in Frameworks */,
				7CE708DE1C52F6A9003F4792 /* libMOCALib.a in Frameworks */,
				7E38F0CC16AD854500FA87E5 /* libSmartAdServer.a in Frameworks */,
			);
			runOnlyForDeploymentPostprocessing = 0;
		};
/* End PBXFrameworksBuildPhase section */

/* Begin PBXGroup section */
		7CE708E11C52F956003F4792 /* moca */ = {
			isa = PBXGroup;
			children = (
				7CE708E81C52F971003F4792 /* Headers */,
				7CE708E21C52F961003F4792 /* libMOCALib.a */,
				7CE708E31C52F961003F4792 /* LICENSE */,
				7CE708E41C52F961003F4792 /* README */,
			);
			name = moca;
			sourceTree = "<group>";
		};
		7CE708E81C52F971003F4792 /* Headers */ = {
			isa = PBXGroup;
			children = (
				7CE708E91C52F971003F4792 /* MOCA.h */,
				7CE708EA1C52F971003F4792 /* MOCAAction.h */,
				7CE708EB1C52F971003F4792 /* MOCABeacon.h */,
				7CE708EC1C52F971003F4792 /* MOCAConfig.h */,
				7CE708ED1C52F971003F4792 /* MOCAEvent.h */,
				7CE708EE1C52F971003F4792 /* MOCAInbox.h */,
				7CE708EF1C52F971003F4792 /* MOCAInstance.h */,
				7CE708F01C52F971003F4792 /* MOCALog.h */,
				7CE708F11C52F971003F4792 /* MOCAPlace.h */,
				7CE708F21C52F971003F4792 /* MOCAPropertyContainer.h */,
				7CE708F31C52F971003F4792 /* MOCAProximityDelegate.h */,
				7CE708F41C52F971003F4792 /* MOCAProximityService.h */,
				7CE708F51C52F971003F4792 /* MOCASerializable.h */,
				7CE708F61C52F971003F4792 /* MOCAUser.h */,
				7CE708F71C52F971003F4792 /* MOCAZone.h */,
			);
			name = Headers;
			path = ../../../moca/Headers;
			sourceTree = "<group>";
		};
		7E549B9416A6B191003BF36A /* Sample Controllers */ = {
			isa = PBXGroup;
			children = (
				7EE09C5D16A5B8C000116F6D /* BannerViewController.h */,
				7EE09C5E16A5B8C000116F6D /* BannerViewController.m */,
				7EE09C5F16A5B8C000116F6D /* BannerViewController.xib */,
				7EE832CB16A6E7DB0000C54C /* ToasterViewController.h */,
				7EE832CC16A6E7DB0000C54C /* ToasterViewController.m */,
				7EE832CD16A6E7DB0000C54C /* ToasterViewController.xib */,
				7E549B8F16A6B188003BF36A /* InterstitialViewController.h */,
				7E549B9016A6B188003BF36A /* InterstitialViewController.m */,
				7E549B9116A6B188003BF36A /* InterstitialViewController.xib */,
				7E549B9616A6B4E4003BF36A /* InterstitialDismissAnimationViewController.h */,
				7E549B9716A6B4E4003BF36A /* InterstitialDismissAnimationViewController.m */,
				7E549B9816A6B4E4003BF36A /* InterstitialDismissAnimationViewController.xib */,
				7E38F0C216AD7D0300FA87E5 /* PrefetchInterstitialViewController.h */,
				7E38F0C316AD7D0300FA87E5 /* PrefetchInterstitialViewController.m */,
				7E38F0C416AD7D0300FA87E5 /* PrefetchInterstitialViewController.xib */,
				85112ABC1AF112B6000300CA /* BannerInTableViewController.h */,
				85112ABD1AF112B6000300CA /* BannerInTableViewController.m */,
				85112ABA1AF11291000300CA /* BannerInTableViewController.xib */,
				85112AC21AF123EE000300CA /* SASTableBannerView.h */,
				85112AC31AF123EE000300CA /* SASTableBannerView.m */,
				8532A2C71B96121500F1F7FE /* NativeAdInTableViewController */,
			);
			name = "Sample Controllers";
			sourceTree = "<group>";
		};
		7E549B9516A6B19D003BF36A /* Misc */ = {
			isa = PBXGroup;
			children = (
				7EF2375616A5623400FD4CF0 /* AppDelegate.h */,
				7EF2375716A5623400FD4CF0 /* AppDelegate.m */,
				7E4562D816A5A62900E74BC3 /* MenuItem.h */,
				7E4562D916A5A62900E74BC3 /* MenuItem.m */,
				7EF2375F16A5623400FD4CF0 /* MasterViewController.h */,
				7EF2376016A5623400FD4CF0 /* MasterViewController.m */,
				7EF2376516A5623400FD4CF0 /* MasterViewController.xib */,
				7CE708FA1C530147003F4792 /* MOCAAds.h */,
				7CE708FB1C53030D003F4792 /* MOCAAds.m */,
			);
			name = Misc;
			sourceTree = "<group>";
		};
		7EF2373816A5623400FD4CF0 = {
			isa = PBXGroup;
			children = (
				7EF2374D16A5623400FD4CF0 /* ObjCSample */,
				7EF2374616A5623400FD4CF0 /* Frameworks */,
				7EF2374416A5623400FD4CF0 /* Products */,
				85003FDB1BA04004003AAD31 /* AFNetworking */,
			);
			sourceTree = "<group>";
		};
		7EF2374416A5623400FD4CF0 /* Products */ = {
			isa = PBXGroup;
			children = (
				7EF2374316A5623400FD4CF0 /* ObjCSample.app */,
			);
			name = Products;
			sourceTree = "<group>";
		};
		7EF2374616A5623400FD4CF0 /* Frameworks */ = {
			isa = PBXGroup;
			children = (
				7CE708DF1C52F79B003F4792 /* libsqlite3.0.tbd */,
				7CE708DD1C52F6A9003F4792 /* libMOCALib.a */,
				850040191BA0409B003AAD31 /* MobileCoreServices.framework */,
				85112AB81AF11079000300CA /* CoreMedia.framework */,
				85112AB61AF11044000300CA /* AVFoundation.framework */,
				7EBEDA8718D8AAC300D85911 /* StoreKit.framework */,
				7EE09C7716A5BCBD00116F6D /* AdSupport.framework */,
				7EE09C6C16A5BAA300116F6D /* EventKit.framework */,
				7EE09C6D16A5BAA300116F6D /* EventKitUI.framework */,
				7EE09C6A16A5BA9C00116F6D /* CoreMotion.framework */,
				7EE09C6816A5BA9600116F6D /* MediaPlayer.framework */,
				7EE09C6616A5BA8D00116F6D /* SystemConfiguration.framework */,
				7EE09C6416A5BA8700116F6D /* CoreLocation.framework */,
				7EE09C6216A5BA7E00116F6D /* QuartzCore.framework */,
				7EF2374716A5623400FD4CF0 /* UIKit.framework */,
				7EF2374916A5623400FD4CF0 /* Foundation.framework */,
				7EF2374B16A5623400FD4CF0 /* CoreGraphics.framework */,
			);
			name = Frameworks;
			sourceTree = "<group>";
		};
		7EF2374D16A5623400FD4CF0 /* ObjCSample */ = {
			isa = PBXGroup;
			children = (
				7CE708E11C52F956003F4792 /* moca */,
				85C5C49D19C838B200834640 /* LaunchScreen.xib */,
				7E549B9416A6B191003BF36A /* Sample Controllers */,
				7E549B9516A6B19D003BF36A /* Misc */,
				7EF2377416A5666500FD4CF0 /* sdk */,
				7E54E1F219A3A7A400651991 /* Images.xcassets */,
				7EF2374E16A5623400FD4CF0 /* Supporting Files */,
			);
			path = ObjCSample;
			sourceTree = "<group>";
		};
		7EF2374E16A5623400FD4CF0 /* Supporting Files */ = {
			isa = PBXGroup;
			children = (
				7CE708F81C52FA4B003F4792 /* MOCAConfig.plist */,
				7EB20B8319E570D8007D7AD9 /* ObjCSample-Info.plist */,
				85C5C49F19C838D100834640 /* LaunchScreenLogo.png */,
				7EF2375016A5623400FD4CF0 /* InfoPlist.strings */,
				7EF2375316A5623400FD4CF0 /* main.m */,
				7E549B8A16A6AE3F003BF36A /* Icon.png */,
				7E549B8B16A6AE3F003BF36A /* Icon@2x.png */,
				7E6AFD0717D74046005F3072 /* Default-568h@2x~iphone.png */,
				7E6AFD0817D74046005F3072 /* Default-Landscape@2x~ipad.png */,
				7E6AFD0917D74046005F3072 /* Default-Landscape~ipad.png */,
				7E6AFD0A17D74046005F3072 /* Default-Portrait@2x~ipad.png */,
				7E6AFD0B17D74046005F3072 /* Default-Portrait~ipad.png */,
				7E6AFD0C17D74046005F3072 /* Default@2x~iphone.png */,
				7E6AFD0D17D74046005F3072 /* Default~iphone.png */,
			);
			name = "Supporting Files";
			sourceTree = "<group>";
		};
		7EF2377416A5666500FD4CF0 /* sdk */ = {
			isa = PBXGroup;
			children = (
				7EF2377516A5666500FD4CF0 /* headers */,
				7E38F0CB16AD854500FA87E5 /* libSmartAdServer.a */,
				7EF2377E16A5666500FD4CF0 /* sas.bundle */,
			);
			name = sdk;
			path = ../../../sdk;
			sourceTree = "<group>";
		};
		7EF2377516A5666500FD4CF0 /* headers */ = {
			isa = PBXGroup;
			children = (
				7E0BA3C31B99E90B007B5EE6 /* SASAd.h */,
				7E0BA3C41B99E90B007B5EE6 /* SASAdView.h */,
				7E0BA3C51B99E90B007B5EE6 /* SASAdViewDelegate.h */,
				7E0BA3C61B99E90B007B5EE6 /* SASBannerView.h */,
				7E0BA3C71B99E90B007B5EE6 /* SASInterstitialView.h */,
				7E0BA3C81B99E90B007B5EE6 /* SASMediationAd.h */,
				7E0BA3C91B99E90B007B5EE6 /* SASNativeAd.h */,
				857481041BCEA2D9007BC89E /* SASNativeAdPlacement.h */,
				7E0BA3CB1B99E90B007B5EE6 /* SASNativeAdImage.h */,
				7E0BA3CC1B99E90B007B5EE6 /* SASNativeAdManager.h */,
			);
			path = headers;
			sourceTree = "<group>";
		};
		85003FDB1BA04004003AAD31 /* AFNetworking */ = {
			isa = PBXGroup;
			children = (
				85003FDC1BA04004003AAD31 /* AFNetworking */,
				85003FF01BA04004003AAD31 /* UIKit+AFNetworking */,
			);
			path = AFNetworking;
			sourceTree = "<group>";
		};
		85003FDC1BA04004003AAD31 /* AFNetworking */ = {
			isa = PBXGroup;
			children = (
				85003FDD1BA04004003AAD31 /* AFHTTPRequestOperation.h */,
				85003FDE1BA04004003AAD31 /* AFHTTPRequestOperation.m */,
				85003FDF1BA04004003AAD31 /* AFHTTPRequestOperationManager.h */,
				85003FE01BA04004003AAD31 /* AFHTTPRequestOperationManager.m */,
				85003FE11BA04004003AAD31 /* AFHTTPSessionManager.h */,
				85003FE21BA04004003AAD31 /* AFHTTPSessionManager.m */,
				85003FE31BA04004003AAD31 /* AFNetworking.h */,
				85003FE41BA04004003AAD31 /* AFNetworkReachabilityManager.h */,
				85003FE51BA04004003AAD31 /* AFNetworkReachabilityManager.m */,
				85003FE61BA04004003AAD31 /* AFSecurityPolicy.h */,
				85003FE71BA04004003AAD31 /* AFSecurityPolicy.m */,
				85003FE81BA04004003AAD31 /* AFURLConnectionOperation.h */,
				85003FE91BA04004003AAD31 /* AFURLConnectionOperation.m */,
				85003FEA1BA04004003AAD31 /* AFURLRequestSerialization.h */,
				85003FEB1BA04004003AAD31 /* AFURLRequestSerialization.m */,
				85003FEC1BA04004003AAD31 /* AFURLResponseSerialization.h */,
				85003FED1BA04004003AAD31 /* AFURLResponseSerialization.m */,
				85003FEE1BA04004003AAD31 /* AFURLSessionManager.h */,
				85003FEF1BA04004003AAD31 /* AFURLSessionManager.m */,
			);
			path = AFNetworking;
			sourceTree = "<group>";
		};
		85003FF01BA04004003AAD31 /* UIKit+AFNetworking */ = {
			isa = PBXGroup;
			children = (
				85003FF11BA04004003AAD31 /* AFNetworkActivityIndicatorManager.h */,
				85003FF21BA04004003AAD31 /* AFNetworkActivityIndicatorManager.m */,
				85003FF31BA04004003AAD31 /* UIActivityIndicatorView+AFNetworking.h */,
				85003FF41BA04004003AAD31 /* UIActivityIndicatorView+AFNetworking.m */,
				85003FF51BA04004003AAD31 /* UIAlertView+AFNetworking.h */,
				85003FF61BA04004003AAD31 /* UIAlertView+AFNetworking.m */,
				85003FF71BA04004003AAD31 /* UIButton+AFNetworking.h */,
				85003FF81BA04004003AAD31 /* UIButton+AFNetworking.m */,
				85003FF91BA04004003AAD31 /* UIImage+AFNetworking.h */,
				85003FFA1BA04004003AAD31 /* UIImageView+AFNetworking.h */,
				85003FFB1BA04004003AAD31 /* UIImageView+AFNetworking.m */,
				85003FFC1BA04004003AAD31 /* UIKit+AFNetworking.h */,
				85003FFD1BA04004003AAD31 /* UIProgressView+AFNetworking.h */,
				85003FFE1BA04004003AAD31 /* UIProgressView+AFNetworking.m */,
				85003FFF1BA04004003AAD31 /* UIRefreshControl+AFNetworking.h */,
				850040001BA04004003AAD31 /* UIRefreshControl+AFNetworking.m */,
				850040011BA04004003AAD31 /* UIWebView+AFNetworking.h */,
				850040021BA04004003AAD31 /* UIWebView+AFNetworking.m */,
			);
			path = "UIKit+AFNetworking";
			sourceTree = "<group>";
		};
		8532A2C71B96121500F1F7FE /* NativeAdInTableViewController */ = {
			isa = PBXGroup;
			children = (
				853BD19B1BD12B910035CF0D /* RatingView */,
				8532A2C21B960ED700F1F7FE /* NativeAdInTableViewController.h */,
				8532A2C31B960ED700F1F7FE /* NativeAdInTableViewController.m */,
				8532A2C41B960ED700F1F7FE /* NativeAdInTableViewController.xib */,
				8532A2DB1B970CE300F1F7FE /* DetailViewController.h */,
				8532A2DC1B970CE300F1F7FE /* DetailViewController.m */,
				8532A2DE1B97213400F1F7FE /* DetailViewController.xib */,
				85129E541BA31FB000EAD665 /* ListItem.h */,
				8532A2D51B96150300F1F7FE /* AdListItem.h */,
				8532A2D61B96150300F1F7FE /* AdListItem.m */,
				855DAB441B9EF2F0003071EE /* RSSListItem.h */,
				855DAB451B9EF2F0003071EE /* RSSListItem.m */,
				855DAB411B9DC7E2003071EE /* RSSFeedXMLParser.h */,
				855DAB421B9DC7E2003071EE /* RSSFeedXMLParser.m */,
				850040141BA04055003AAD31 /* NativeAdCell.h */,
				850040151BA04055003AAD31 /* NativeAdCell.m */,
				850040161BA04055003AAD31 /* NativeAdCell.xib */,
				850040221BA08E5B003AAD31 /* NativeAdFullCell.xib */,
				8500401B1BA045A9003AAD31 /* NewsItemCell.h */,
				8500401C1BA045A9003AAD31 /* NewsItemCell.m */,
				8500401D1BA045A9003AAD31 /* NewsItemCell.xib */,
				850040201BA087E0003AAD31 /* NewsItemFullCell.xib */,
			);
			path = NativeAdInTableViewController;
			sourceTree = "<group>";
		};
		853BD19B1BD12B910035CF0D /* RatingView */ = {
			isa = PBXGroup;
			children = (
				853BD19C1BD12B910035CF0D /* 5starsgray.png */,
				853BD19D1BD12B910035CF0D /* RatingView.h */,
				853BD19E1BD12B910035CF0D /* RatingView.m */,
			);
			path = RatingView;
			sourceTree = "<group>";
		};
/* End PBXGroup section */

/* Begin PBXNativeTarget section */
		7EF2374216A5623400FD4CF0 /* ObjCSample */ = {
			isa = PBXNativeTarget;
			buildConfigurationList = 7EF2376D16A5623400FD4CF0 /* Build configuration list for PBXNativeTarget "ObjCSample" */;
			buildPhases = (
				7EF2373F16A5623400FD4CF0 /* Sources */,
				7EF2374016A5623400FD4CF0 /* Frameworks */,
				7EF2374116A5623400FD4CF0 /* Resources */,
			);
			buildRules = (
			);
			dependencies = (
			);
			name = ObjCSample;
			productName = ARCSample;
			productReference = 7EF2374316A5623400FD4CF0 /* ObjCSample.app */;
			productType = "com.apple.product-type.application";
		};
/* End PBXNativeTarget section */

/* Begin PBXProject section */
		7EF2373A16A5623400FD4CF0 /* Project object */ = {
			isa = PBXProject;
			attributes = {
				LastUpgradeCheck = 0600;
				ORGANIZATIONNAME = "Smart AdServer";
				TargetAttributes = {
					7EF2374216A5623400FD4CF0 = {
						SystemCapabilities = {
							com.apple.BackgroundModes = {
								enabled = 1;
							};
						};
					};
				};
			};
			buildConfigurationList = 7EF2373D16A5623400FD4CF0 /* Build configuration list for PBXProject "ObjCSample" */;
			compatibilityVersion = "Xcode 3.2";
			developmentRegion = English;
			hasScannedForEncodings = 0;
			knownRegions = (
				en,
			);
			mainGroup = 7EF2373816A5623400FD4CF0;
			productRefGroup = 7EF2374416A5623400FD4CF0 /* Products */;
			projectDirPath = "";
			projectRoot = "";
			targets = (
				7EF2374216A5623400FD4CF0 /* ObjCSample */,
			);
		};
/* End PBXProject section */

/* Begin PBXResourcesBuildPhase section */
		7EF2374116A5623400FD4CF0 /* Resources */ = {
			isa = PBXResourcesBuildPhase;
			buildActionMask = 2147483647;
			files = (
				7CE708E71C52F961003F4792 /* README in Resources */,
				7E6AFD1417D74046005F3072 /* Default~iphone.png in Resources */,
				7EF2376716A5623400FD4CF0 /* MasterViewController.xib in Resources */,
				7E6AFD1217D74046005F3072 /* Default-Portrait~ipad.png in Resources */,
				85112ABB1AF11291000300CA /* BannerInTableViewController.xib in Resources */,
				7CE708E61C52F961003F4792 /* LICENSE in Resources */,
				7EF2378016A5666500FD4CF0 /* sas.bundle in Resources */,
				7E6AFD0E17D74046005F3072 /* Default-568h@2x~iphone.png in Resources */,
				7CE708F91C52FA4B003F4792 /* MOCAConfig.plist in Resources */,
				7EE09C6116A5B8C000116F6D /* BannerViewController.xib in Resources */,
				7E6AFD1017D74046005F3072 /* Default-Landscape~ipad.png in Resources */,
				7E549B8C16A6AE3F003BF36A /* Icon.png in Resources */,
				7E54E1F319A3A7A400651991 /* Images.xcassets in Resources */,
				850040181BA04055003AAD31 /* NativeAdCell.xib in Resources */,
				850040211BA087E0003AAD31 /* NewsItemFullCell.xib in Resources */,
				7E6AFD1317D74046005F3072 /* Default@2x~iphone.png in Resources */,
				8500401F1BA045A9003AAD31 /* NewsItemCell.xib in Resources */,
				7E549B8D16A6AE3F003BF36A /* Icon@2x.png in Resources */,
				7E549B9316A6B188003BF36A /* InterstitialViewController.xib in Resources */,
				85C5C49E19C838B200834640 /* LaunchScreen.xib in Resources */,
				8532A2C61B960ED700F1F7FE /* NativeAdInTableViewController.xib in Resources */,
				85C5C4A019C838D100834640 /* LaunchScreenLogo.png in Resources */,
				7E549B9A16A6B4E4003BF36A /* InterstitialDismissAnimationViewController.xib in Resources */,
				8532A2DF1B97213400F1F7FE /* DetailViewController.xib in Resources */,
				853BD19F1BD12B910035CF0D /* 5starsgray.png in Resources */,
				7E6AFD1117D74046005F3072 /* Default-Portrait@2x~ipad.png in Resources */,
				850040231BA08E5B003AAD31 /* NativeAdFullCell.xib in Resources */,
				7EE832CF16A6E7DB0000C54C /* ToasterViewController.xib in Resources */,
				7E38F0C616AD7D0300FA87E5 /* PrefetchInterstitialViewController.xib in Resources */,
				7E6AFD0F17D74046005F3072 /* Default-Landscape@2x~ipad.png in Resources */,
			);
			runOnlyForDeploymentPostprocessing = 0;
		};
/* End PBXResourcesBuildPhase section */

/* Begin PBXSourcesBuildPhase section */
		7EF2373F16A5623400FD4CF0 /* Sources */ = {
			isa = PBXSourcesBuildPhase;
			buildActionMask = 2147483647;
			files = (
				850040111BA04004003AAD31 /* UIProgressView+AFNetworking.m in Sources */,
				850040101BA04004003AAD31 /* UIImageView+AFNetworking.m in Sources */,
				850040031BA04004003AAD31 /* AFHTTPRequestOperation.m in Sources */,
				85112AC41AF123EE000300CA /* SASTableBannerView.m in Sources */,
				8532A2C51B960ED700F1F7FE /* NativeAdInTableViewController.m in Sources */,
				855DAB431B9DC7E2003071EE /* RSSFeedXMLParser.m in Sources */,
				7EF2375416A5623400FD4CF0 /* main.m in Sources */,
				8500400D1BA04004003AAD31 /* UIActivityIndicatorView+AFNetworking.m in Sources */,
				7EF2375816A5623400FD4CF0 /* AppDelegate.m in Sources */,
				7CE708FC1C53030D003F4792 /* MOCAAds.m in Sources */,
				850040131BA04004003AAD31 /* UIWebView+AFNetworking.m in Sources */,
				8500401E1BA045A9003AAD31 /* NewsItemCell.m in Sources */,
				850040051BA04004003AAD31 /* AFHTTPSessionManager.m in Sources */,
				850040171BA04055003AAD31 /* NativeAdCell.m in Sources */,
				853BD1A01BD12B910035CF0D /* RatingView.m in Sources */,
				8500400C1BA04004003AAD31 /* AFNetworkActivityIndicatorManager.m in Sources */,
				8532A2D71B96150300F1F7FE /* AdListItem.m in Sources */,
				8500400E1BA04004003AAD31 /* UIAlertView+AFNetworking.m in Sources */,
				8532A2DD1B970CE400F1F7FE /* DetailViewController.m in Sources */,
				850040061BA04004003AAD31 /* AFNetworkReachabilityManager.m in Sources */,
				8500400B1BA04004003AAD31 /* AFURLSessionManager.m in Sources */,
				7EF2376116A5623400FD4CF0 /* MasterViewController.m in Sources */,
				7E4562DA16A5A62900E74BC3 /* MenuItem.m in Sources */,
				850040081BA04004003AAD31 /* AFURLConnectionOperation.m in Sources */,
				8500400A1BA04004003AAD31 /* AFURLResponseSerialization.m in Sources */,
				85112ABE1AF112B6000300CA /* BannerInTableViewController.m in Sources */,
				850040091BA04004003AAD31 /* AFURLRequestSerialization.m in Sources */,
				7EE09C6016A5B8C000116F6D /* BannerViewController.m in Sources */,
				7E549B9216A6B188003BF36A /* InterstitialViewController.m in Sources */,
				7E549B9916A6B4E4003BF36A /* InterstitialDismissAnimationViewController.m in Sources */,
				7EE832CE16A6E7DB0000C54C /* ToasterViewController.m in Sources */,
				855DAB461B9EF2F0003071EE /* RSSListItem.m in Sources */,
				8500400F1BA04004003AAD31 /* UIButton+AFNetworking.m in Sources */,
				850040121BA04004003AAD31 /* UIRefreshControl+AFNetworking.m in Sources */,
				850040041BA04004003AAD31 /* AFHTTPRequestOperationManager.m in Sources */,
				850040071BA04004003AAD31 /* AFSecurityPolicy.m in Sources */,
				7E38F0C516AD7D0300FA87E5 /* PrefetchInterstitialViewController.m in Sources */,
			);
			runOnlyForDeploymentPostprocessing = 0;
		};
/* End PBXSourcesBuildPhase section */

/* Begin PBXVariantGroup section */
		7EF2375016A5623400FD4CF0 /* InfoPlist.strings */ = {
			isa = PBXVariantGroup;
			children = (
				7EF2375116A5623400FD4CF0 /* en */,
			);
			name = InfoPlist.strings;
			sourceTree = "<group>";
		};
		7EF2376516A5623400FD4CF0 /* MasterViewController.xib */ = {
			isa = PBXVariantGroup;
			children = (
				7EF2376616A5623400FD4CF0 /* en */,
			);
			name = MasterViewController.xib;
			sourceTree = "<group>";
		};
/* End PBXVariantGroup section */

/* Begin XCBuildConfiguration section */
		7EF2376B16A5623400FD4CF0 /* Debug */ = {
			isa = XCBuildConfiguration;
			buildSettings = {
				ALWAYS_SEARCH_USER_PATHS = NO;
				CLANG_CXX_LANGUAGE_STANDARD = "gnu++0x";
				CLANG_CXX_LIBRARY = "libc++";
				CLANG_ENABLE_OBJC_ARC = YES;
				CLANG_WARN_EMPTY_BODY = YES;
				CLANG_WARN__DUPLICATE_METHOD_MATCH = YES;
				"CODE_SIGN_IDENTITY[sdk=iphoneos*]" = "iPhone Developer";
				COPY_PHASE_STRIP = NO;
				GCC_C_LANGUAGE_STANDARD = gnu99;
				GCC_DYNAMIC_NO_PIC = NO;
				GCC_OPTIMIZATION_LEVEL = 0;
				GCC_PREPROCESSOR_DEFINITIONS = (
					"DEBUG=1",
					"$(inherited)",
				);
				GCC_SYMBOLS_PRIVATE_EXTERN = NO;
				GCC_WARN_ABOUT_RETURN_TYPE = YES;
				GCC_WARN_UNINITIALIZED_AUTOS = YES;
				GCC_WARN_UNUSED_VARIABLE = YES;
				IPHONEOS_DEPLOYMENT_TARGET = 8.0;
				ONLY_ACTIVE_ARCH = YES;
				OTHER_LDFLAGS = "-ObjC";
				SDKROOT = iphoneos;
			};
			name = Debug;
		};
		7EF2376C16A5623400FD4CF0 /* Release */ = {
			isa = XCBuildConfiguration;
			buildSettings = {
				ALWAYS_SEARCH_USER_PATHS = NO;
				CLANG_CXX_LANGUAGE_STANDARD = "gnu++0x";
				CLANG_CXX_LIBRARY = "libc++";
				CLANG_ENABLE_OBJC_ARC = YES;
				CLANG_WARN_EMPTY_BODY = YES;
				CLANG_WARN__DUPLICATE_METHOD_MATCH = YES;
				"CODE_SIGN_IDENTITY[sdk=iphoneos*]" = "iPhone Developer";
				COPY_PHASE_STRIP = YES;
				GCC_C_LANGUAGE_STANDARD = gnu99;
				GCC_WARN_ABOUT_RETURN_TYPE = YES;
				GCC_WARN_UNINITIALIZED_AUTOS = YES;
				GCC_WARN_UNUSED_VARIABLE = YES;
				IPHONEOS_DEPLOYMENT_TARGET = 8.0;
				OTHER_CFLAGS = "-DNS_BLOCK_ASSERTIONS=1";
				OTHER_LDFLAGS = "-ObjC";
				SDKROOT = iphoneos;
				VALIDATE_PRODUCT = YES;
			};
			name = Release;
		};
		7EF2376E16A5623400FD4CF0 /* Debug */ = {
			isa = XCBuildConfiguration;
			buildSettings = {
				ASSETCATALOG_COMPILER_APPICON_NAME = AppIcon;
				ASSETCATALOG_COMPILER_LAUNCHIMAGE_NAME = LaunchImage;
				GCC_PRECOMPILE_PREFIX_HEADER = YES;
				GCC_PREFIX_HEADER = "ObjCSample/ObjCSample-Prefix.pch";
				INFOPLIST_FILE = "ObjCSample/ObjCSample-Info.plist";
				IPHONEOS_DEPLOYMENT_TARGET = 8.0;
				LIBRARY_SEARCH_PATHS = (
					"$(inherited)",
					"\"$(SRCROOT)/../../sdk\"",
					"\"$(SRCROOT)/../../moca\"",
				);
				PRODUCT_NAME = ObjCSample;
				TARGETED_DEVICE_FAMILY = "1,2";
				WRAPPER_EXTENSION = app;
			};
			name = Debug;
		};
		7EF2376F16A5623400FD4CF0 /* Release */ = {
			isa = XCBuildConfiguration;
			buildSettings = {
				ASSETCATALOG_COMPILER_APPICON_NAME = AppIcon;
				ASSETCATALOG_COMPILER_LAUNCHIMAGE_NAME = LaunchImage;
				GCC_PRECOMPILE_PREFIX_HEADER = YES;
				GCC_PREFIX_HEADER = "ObjCSample/ObjCSample-Prefix.pch";
				INFOPLIST_FILE = "ObjCSample/ObjCSample-Info.plist";
				IPHONEOS_DEPLOYMENT_TARGET = 8.0;
				LIBRARY_SEARCH_PATHS = (
					"$(inherited)",
					"\"$(SRCROOT)/../../sdk\"",
					"\"$(SRCROOT)/../../moca\"",
				);
				PRODUCT_NAME = ObjCSample;
				TARGETED_DEVICE_FAMILY = "1,2";
				WRAPPER_EXTENSION = app;
			};
			name = Release;
		};
/* End XCBuildConfiguration section */

/* Begin XCConfigurationList section */
		7EF2373D16A5623400FD4CF0 /* Build configuration list for PBXProject "ObjCSample" */ = {
			isa = XCConfigurationList;
			buildConfigurations = (
				7EF2376B16A5623400FD4CF0 /* Debug */,
				7EF2376C16A5623400FD4CF0 /* Release */,
			);
			defaultConfigurationIsVisible = 0;
			defaultConfigurationName = Release;
		};
		7EF2376D16A5623400FD4CF0 /* Build configuration list for PBXNativeTarget "ObjCSample" */ = {
			isa = XCConfigurationList;
			buildConfigurations = (
				7EF2376E16A5623400FD4CF0 /* Debug */,
				7EF2376F16A5623400FD4CF0 /* Release */,
			);
			defaultConfigurationIsVisible = 0;
			defaultConfigurationName = Release;
		};
/* End XCConfigurationList section */
	};
	rootObject = 7EF2373A16A5623400FD4CF0 /* Project object */;
}
